
Microsoft Visual Studio Solution File, Format Version 12.00
# Visual Studio Version 17
VisualStudioVersion = 17.4.33122.133
MinimumVisualStudioVersion = 10.0.40219.1
Project("{9A19103F-16F7-4668-BE54-9A1E7A4F7556}") = "BackendAppMovilCO", "src\BackendAppMovilCO\BackendAppMovilCO.csproj", "{492F2838-C481-47B5-AFEF-693BB6D7046C}"
EndProject
Project("{2150E333-8FDC-42A3-9474-1A3956D46DE8}") = "Capas", "Capas", "{650F388B-436E-42D9-99DB-82191BE13E24}"
EndProject
Project("{2150E333-8FDC-42A3-9474-1A3956D46DE8}") = "Aplicacion", "Aplicacion", "{3C3A4627-6942-470D-A31E-F9D6BC54EC8C}"
EndProject
Project("{2150E333-8FDC-42A3-9474-1A3956D46DE8}") = "Dto", "Dto", "{FF518425-E92E-4FA8-960A-29A075E3F0F9}"
EndProject
Project("{2150E333-8FDC-42A3-9474-1A3956D46DE8}") = "Interfaz", "Interfaz", "{224E065F-C49F-48E8-8F3E-B0F042699E4A}"
EndProject
Project("{2150E333-8FDC-42A3-9474-1A3956D46DE8}") = "Principal", "Principal", "{037C5905-EC24-4044-A1D2-3100A97E08E8}"
EndProject
Project("{9A19103F-16F7-4668-BE54-9A1E7A4F7556}") = "Aplicacion.Dto", "src\Capas\Aplicacion\Dto\Aplicacion.Dto.csproj", "{C4CD1BF7-A0F4-478F-89EE-F16959B76EBA}"
EndProject
Project("{9A19103F-16F7-4668-BE54-9A1E7A4F7556}") = "Aplicacion.Interfaz", "src\Capas\Aplicacion\Interfaz\Aplicacion.Interfaz.csproj", "{E0576C94-971E-4371-8805-468EBDC713AB}"
EndProject
Project("{9A19103F-16F7-4668-BE54-9A1E7A4F7556}") = "Aplicacion.Principal", "src\Capas\Aplicacion\Principal\Aplicacion.Principal.csproj", "{1D28BFBA-4DC1-4A03-A6FF-4BAEF79296CD}"
EndProject
Project("{2150E333-8FDC-42A3-9474-1A3956D46DE8}") = "Dominio", "Dominio", "{0C3AE1C6-56A2-45D1-B8FF-172BD3E2A7CF}"
EndProject
Project("{2150E333-8FDC-42A3-9474-1A3956D46DE8}") = "Core", "Core", "{D81D1C98-29AB-4956-B0FA-68546CF4C9C0}"
EndProject
Project("{2150E333-8FDC-42A3-9474-1A3956D46DE8}") = "Entidad", "Entidad", "{DAF80730-8ABF-4926-9B1D-BAC447DF8D74}"
EndProject
Project("{2150E333-8FDC-42A3-9474-1A3956D46DE8}") = "Interfaz", "Interfaz", "{4230D238-0E58-4A3E-AC16-6205222F4352}"
EndProject
Project("{9A19103F-16F7-4668-BE54-9A1E7A4F7556}") = "Dominio.Core", "src\Capas\Dominio\Core\Dominio.Core.csproj", "{B9DA397A-5D7C-4CD3-80C9-7BEC1F8FD308}"
EndProject
Project("{9A19103F-16F7-4668-BE54-9A1E7A4F7556}") = "Dominio.Entidad", "src\Capas\Dominio\Entidad\Dominio.Entidad.csproj", "{51C54A0A-636A-4849-B8D0-AB689B15B0F1}"
EndProject
Project("{9A19103F-16F7-4668-BE54-9A1E7A4F7556}") = "Dominio.Interfaz", "src\Capas\Dominio\Interfaz\Dominio.Interfaz.csproj", "{8D5BC560-6F86-44AF-9BAA-66B5F7808E64}"
EndProject
Project("{2150E333-8FDC-42A3-9474-1A3956D46DE8}") = "Infraestructura", "Infraestructura", "{19B7F1D2-344F-4A9D-8073-5A4E9ACBD9B9}"
EndProject
Project("{2150E333-8FDC-42A3-9474-1A3956D46DE8}") = "Repositorio", "Repositorio", "{5B92A7C8-96E8-4B46-859D-83235B4435B1}"
EndProject
Project("{2150E333-8FDC-42A3-9474-1A3956D46DE8}") = "Datos", "Datos", "{2D1B67AF-6329-4786-B469-31E337EAFF0E}"
EndProject
Project("{2150E333-8FDC-42A3-9474-1A3956D46DE8}") = "Interfaz", "Interfaz", "{FC1553EF-DFBC-4E82-8334-A57F2132CEAB}"
EndProject
Project("{9A19103F-16F7-4668-BE54-9A1E7A4F7556}") = "Infraestructura.Datos", "src\Capas\Infraestructura\Datos\Infraestructura.Datos.csproj", "{DD599BAC-2940-476C-AE04-873105C0BD7A}"
EndProject
Project("{9A19103F-16F7-4668-BE54-9A1E7A4F7556}") = "Infraestructura.Interfaz", "src\Capas\Infraestructura\Interfaz\Infraestructura.Interfaz.csproj", "{975E4E3A-0790-4097-9081-24DF3EBE5AEC}"
EndProject
Project("{9A19103F-16F7-4668-BE54-9A1E7A4F7556}") = "Infraestructura.Repositorio", "src\Capas\Infraestructura\Repositorio\Infraestructura.Repositorio.csproj", "{E4C7B2C0-ECD3-4237-95FF-5F78C62BEB57}"
EndProject
Project("{2150E333-8FDC-42A3-9474-1A3956D46DE8}") = "Transversal", "Transversal", "{17178268-9442-4978-9BCD-4BCB684CC24C}"
EndProject
Project("{2150E333-8FDC-42A3-9474-1A3956D46DE8}") = "Comun", "Comun", "{92E48CB2-7246-4E3D-96E4-FC917BDBA0A6}"
EndProject
Project("{2150E333-8FDC-42A3-9474-1A3956D46DE8}") = "Mapeo", "Mapeo", "{0FF58F67-ECFF-4FB3-AB9C-B68527D27A81}"
EndProject
Project("{9A19103F-16F7-4668-BE54-9A1E7A4F7556}") = "Transversal.Comun", "src\Capas\Transversal\Comun\Transversal.Comun.csproj", "{815BB985-2FBB-4FC7-B147-A7452331043B}"
EndProject
Project("{9A19103F-16F7-4668-BE54-9A1E7A4F7556}") = "Transversal.Mapeo", "src\Capas\Transversal\Mapeo\Transversal.Mapeo.csproj", "{10533F79-FE42-43AE-BAAB-2C5254A3232D}"
EndProject
Project("{2150E333-8FDC-42A3-9474-1A3956D46DE8}") = "Pruebas", "Pruebas", "{0E231AA9-8D89-4419-8A8A-4BA6EAF72571}"
EndProject
Project("{9A19103F-16F7-4668-BE54-9A1E7A4F7556}") = "BackendAppMovilCOTest", "test\BackendAppMovilCOTest\BackendAppMovilCOTest.csproj", "{CD945ECA-180C-448E-97A7-1C49C1D311E5}"
EndProject
Project("{2150E333-8FDC-42A3-9474-1A3956D46DE8}") = "Solution Items", "Solution Items", "{A3F4F138-36AC-40A4-9DBE-F2EB1CB0782C}"
	ProjectSection(SolutionItems) = preProject
		.editorconfig = .editorconfig
	EndProjectSection
EndProject
Global
	GlobalSection(SolutionConfigurationPlatforms) = preSolution
		Debug|Any CPU = Debug|Any CPU
		Release|Any CPU = Release|Any CPU
	EndGlobalSection
	GlobalSection(ProjectConfigurationPlatforms) = postSolution
		{492F2838-C481-47B5-AFEF-693BB6D7046C}.Debug|Any CPU.ActiveCfg = Debug|Any CPU
		{492F2838-C481-47B5-AFEF-693BB6D7046C}.Debug|Any CPU.Build.0 = Debug|Any CPU
		{492F2838-C481-47B5-AFEF-693BB6D7046C}.Release|Any CPU.ActiveCfg = Release|Any CPU
		{492F2838-C481-47B5-AFEF-693BB6D7046C}.Release|Any CPU.Build.0 = Release|Any CPU
		{C4CD1BF7-A0F4-478F-89EE-F16959B76EBA}.Debug|Any CPU.ActiveCfg = Debug|Any CPU
		{C4CD1BF7-A0F4-478F-89EE-F16959B76EBA}.Debug|Any CPU.Build.0 = Debug|Any CPU
		{C4CD1BF7-A0F4-478F-89EE-F16959B76EBA}.Release|Any CPU.ActiveCfg = Release|Any CPU
		{C4CD1BF7-A0F4-478F-89EE-F16959B76EBA}.Release|Any CPU.Build.0 = Release|Any CPU
		{E0576C94-971E-4371-8805-468EBDC713AB}.Debug|Any CPU.ActiveCfg = Debug|Any CPU
		{E0576C94-971E-4371-8805-468EBDC713AB}.Debug|Any CPU.Build.0 = Debug|Any CPU
		{E0576C94-971E-4371-8805-468EBDC713AB}.Release|Any CPU.ActiveCfg = Release|Any CPU
		{E0576C94-971E-4371-8805-468EBDC713AB}.Release|Any CPU.Build.0 = Release|Any CPU
		{1D28BFBA-4DC1-4A03-A6FF-4BAEF79296CD}.Debug|Any CPU.ActiveCfg = Debug|Any CPU
		{1D28BFBA-4DC1-4A03-A6FF-4BAEF79296CD}.Debug|Any CPU.Build.0 = Debug|Any CPU
		{1D28BFBA-4DC1-4A03-A6FF-4BAEF79296CD}.Release|Any CPU.ActiveCfg = Release|Any CPU
		{1D28BFBA-4DC1-4A03-A6FF-4BAEF79296CD}.Release|Any CPU.Build.0 = Release|Any CPU
		{B9DA397A-5D7C-4CD3-80C9-7BEC1F8FD308}.Debug|Any CPU.ActiveCfg = Debug|Any CPU
		{B9DA397A-5D7C-4CD3-80C9-7BEC1F8FD308}.Debug|Any CPU.Build.0 = Debug|Any CPU
		{B9DA397A-5D7C-4CD3-80C9-7BEC1F8FD308}.Release|Any CPU.ActiveCfg = Release|Any CPU
		{B9DA397A-5D7C-4CD3-80C9-7BEC1F8FD308}.Release|Any CPU.Build.0 = Release|Any CPU
		{51C54A0A-636A-4849-B8D0-AB689B15B0F1}.Debug|Any CPU.ActiveCfg = Debug|Any CPU
		{51C54A0A-636A-4849-B8D0-AB689B15B0F1}.Debug|Any CPU.Build.0 = Debug|Any CPU
		{51C54A0A-636A-4849-B8D0-AB689B15B0F1}.Release|Any CPU.ActiveCfg = Release|Any CPU
		{51C54A0A-636A-4849-B8D0-AB689B15B0F1}.Release|Any CPU.Build.0 = Release|Any CPU
		{8D5BC560-6F86-44AF-9BAA-66B5F7808E64}.Debug|Any CPU.ActiveCfg = Debug|Any CPU
		{8D5BC560-6F86-44AF-9BAA-66B5F7808E64}.Debug|Any CPU.Build.0 = Debug|Any CPU
		{8D5BC560-6F86-44AF-9BAA-66B5F7808E64}.Release|Any CPU.ActiveCfg = Release|Any CPU
		{8D5BC560-6F86-44AF-9BAA-66B5F7808E64}.Release|Any CPU.Build.0 = Release|Any CPU
		{DD599BAC-2940-476C-AE04-873105C0BD7A}.Debug|Any CPU.ActiveCfg = Debug|Any CPU
		{DD599BAC-2940-476C-AE04-873105C0BD7A}.Debug|Any CPU.Build.0 = Debug|Any CPU
		{DD599BAC-2940-476C-AE04-873105C0BD7A}.Release|Any CPU.ActiveCfg = Release|Any CPU
		{DD599BAC-2940-476C-AE04-873105C0BD7A}.Release|Any CPU.Build.0 = Release|Any CPU
		{975E4E3A-0790-4097-9081-24DF3EBE5AEC}.Debug|Any CPU.ActiveCfg = Debug|Any CPU
		{975E4E3A-0790-4097-9081-24DF3EBE5AEC}.Debug|Any CPU.Build.0 = Debug|Any CPU
		{975E4E3A-0790-4097-9081-24DF3EBE5AEC}.Release|Any CPU.ActiveCfg = Release|Any CPU
		{975E4E3A-0790-4097-9081-24DF3EBE5AEC}.Release|Any CPU.Build.0 = Release|Any CPU
		{E4C7B2C0-ECD3-4237-95FF-5F78C62BEB57}.Debug|Any CPU.ActiveCfg = Debug|Any CPU
		{E4C7B2C0-ECD3-4237-95FF-5F78C62BEB57}.Debug|Any CPU.Build.0 = Debug|Any CPU
		{E4C7B2C0-ECD3-4237-95FF-5F78C62BEB57}.Release|Any CPU.ActiveCfg = Release|Any CPU
		{E4C7B2C0-ECD3-4237-95FF-5F78C62BEB57}.Release|Any CPU.Build.0 = Release|Any CPU
		{815BB985-2FBB-4FC7-B147-A7452331043B}.Debug|Any CPU.ActiveCfg = Debug|Any CPU
		{815BB985-2FBB-4FC7-B147-A7452331043B}.Debug|Any CPU.Build.0 = Debug|Any CPU
		{815BB985-2FBB-4FC7-B147-A7452331043B}.Release|Any CPU.ActiveCfg = Release|Any CPU
		{815BB985-2FBB-4FC7-B147-A7452331043B}.Release|Any CPU.Build.0 = Release|Any CPU
		{10533F79-FE42-43AE-BAAB-2C5254A3232D}.Debug|Any CPU.ActiveCfg = Debug|Any CPU
		{10533F79-FE42-43AE-BAAB-2C5254A3232D}.Debug|Any CPU.Build.0 = Debug|Any CPU
		{10533F79-FE42-43AE-BAAB-2C5254A3232D}.Release|Any CPU.ActiveCfg = Release|Any CPU
		{10533F79-FE42-43AE-BAAB-2C5254A3232D}.Release|Any CPU.Build.0 = Release|Any CPU
		{CD945ECA-180C-448E-97A7-1C49C1D311E5}.Debug|Any CPU.ActiveCfg = Debug|Any CPU
		{CD945ECA-180C-448E-97A7-1C49C1D311E5}.Debug|Any CPU.Build.0 = Debug|Any CPU
		{CD945ECA-180C-448E-97A7-1C49C1D311E5}.Release|Any CPU.ActiveCfg = Release|Any CPU
		{CD945ECA-180C-448E-97A7-1C49C1D311E5}.Release|Any CPU.Build.0 = Release|Any CPU
	EndGlobalSection
	GlobalSection(SolutionProperties) = preSolution
		HideSolutionNode = FALSE
	EndGlobalSection
	GlobalSection(NestedProjects) = preSolution
		{3C3A4627-6942-470D-A31E-F9D6BC54EC8C} = {650F388B-436E-42D9-99DB-82191BE13E24}
		{FF518425-E92E-4FA8-960A-29A075E3F0F9} = {3C3A4627-6942-470D-A31E-F9D6BC54EC8C}
		{224E065F-C49F-48E8-8F3E-B0F042699E4A} = {3C3A4627-6942-470D-A31E-F9D6BC54EC8C}
		{037C5905-EC24-4044-A1D2-3100A97E08E8} = {3C3A4627-6942-470D-A31E-F9D6BC54EC8C}
		{C4CD1BF7-A0F4-478F-89EE-F16959B76EBA} = {FF518425-E92E-4FA8-960A-29A075E3F0F9}
		{E0576C94-971E-4371-8805-468EBDC713AB} = {224E065F-C49F-48E8-8F3E-B0F042699E4A}
		{1D28BFBA-4DC1-4A03-A6FF-4BAEF79296CD} = {037C5905-EC24-4044-A1D2-3100A97E08E8}
		{0C3AE1C6-56A2-45D1-B8FF-172BD3E2A7CF} = {650F388B-436E-42D9-99DB-82191BE13E24}
		{D81D1C98-29AB-4956-B0FA-68546CF4C9C0} = {0C3AE1C6-56A2-45D1-B8FF-172BD3E2A7CF}
		{DAF80730-8ABF-4926-9B1D-BAC447DF8D74} = {0C3AE1C6-56A2-45D1-B8FF-172BD3E2A7CF}
		{4230D238-0E58-4A3E-AC16-6205222F4352} = {0C3AE1C6-56A2-45D1-B8FF-172BD3E2A7CF}
		{B9DA397A-5D7C-4CD3-80C9-7BEC1F8FD308} = {D81D1C98-29AB-4956-B0FA-68546CF4C9C0}
		{51C54A0A-636A-4849-B8D0-AB689B15B0F1} = {DAF80730-8ABF-4926-9B1D-BAC447DF8D74}
		{8D5BC560-6F86-44AF-9BAA-66B5F7808E64} = {4230D238-0E58-4A3E-AC16-6205222F4352}
		{19B7F1D2-344F-4A9D-8073-5A4E9ACBD9B9} = {650F388B-436E-42D9-99DB-82191BE13E24}
		{5B92A7C8-96E8-4B46-859D-83235B4435B1} = {19B7F1D2-344F-4A9D-8073-5A4E9ACBD9B9}
		{2D1B67AF-6329-4786-B469-31E337EAFF0E} = {19B7F1D2-344F-4A9D-8073-5A4E9ACBD9B9}
		{FC1553EF-DFBC-4E82-8334-A57F2132CEAB} = {19B7F1D2-344F-4A9D-8073-5A4E9ACBD9B9}
		{DD599BAC-2940-476C-AE04-873105C0BD7A} = {2D1B67AF-6329-4786-B469-31E337EAFF0E}
		{975E4E3A-0790-4097-9081-24DF3EBE5AEC} = {FC1553EF-DFBC-4E82-8334-A57F2132CEAB}
		{E4C7B2C0-ECD3-4237-95FF-5F78C62BEB57} = {5B92A7C8-96E8-4B46-859D-83235B4435B1}
		{17178268-9442-4978-9BCD-4BCB684CC24C} = {650F388B-436E-42D9-99DB-82191BE13E24}
		{92E48CB2-7246-4E3D-96E4-FC917BDBA0A6} = {17178268-9442-4978-9BCD-4BCB684CC24C}
		{0FF58F67-ECFF-4FB3-AB9C-B68527D27A81} = {17178268-9442-4978-9BCD-4BCB684CC24C}
		{815BB985-2FBB-4FC7-B147-A7452331043B} = {92E48CB2-7246-4E3D-96E4-FC917BDBA0A6}
		{10533F79-FE42-43AE-BAAB-2C5254A3232D} = {0FF58F67-ECFF-4FB3-AB9C-B68527D27A81}
		{CD945ECA-180C-448E-97A7-1C49C1D311E5} = {0E231AA9-8D89-4419-8A8A-4BA6EAF72571}
	EndGlobalSection
	GlobalSection(ExtensibilityGlobals) = postSolution
		SolutionGuid = {E22E00BB-8CF1-41DF-A69E-222D067E6124}
	EndGlobalSection
EndGlobal
